
Microsoft Visual Studio Solution File, Format Version 12.00
# Visual Studio Version 16
VisualStudioVersion = 16.0.31205.134
MinimumVisualStudioVersion = 10.0.40219.1
Project("{FAE04EC0-301F-11D3-BF4B-00C04F79EFBC}") = "Test", "Test.csproj", "{02A0FA58-EF2B-402E-BB36-85CFC50837B0}"
EndProject
Global
	GlobalSection(SolutionConfigurationPlatforms) = preSolution
		Debug|Any CPU = Debug|Any CPU
		Release|Any CPU = Release|Any CPU
	EndGlobalSection
	GlobalSection(ProjectConfigurationPlatforms) = postSolution
		{02A0FA58-EF2B-402E-BB36-85CFC50837B0}.Debug|Any CPU.ActiveCfg = Debug|Any CPU
		{02A0FA58-EF2B-402E-BB36-85CFC50837B0}.Debug|Any CPU.Build.0 = Debug|Any CPU
		{02A0FA58-EF2B-402E-BB36-85CFC50837B0}.Release|Any CPU.ActiveCfg = Release|Any CPU
		{02A0FA58-EF2B-402E-BB36-85CFC50837B0}.Release|Any CPU.Build.0 = Release|Any CPU
	EndGlobalSection
	GlobalSection(SolutionProperties) = preSolution
		HideSolutionNode = FALSE
	EndGlobalSection
	GlobalSection(ExtensibilityGlobals) = postSolution
		SolutionGuid = {1319AD89-E2B0-46F6-B815-C1362A9EF3F0}
	EndGlobalSection
EndGlobal
